
Microsoft Visual Studio Solution File, Format Version 12.00
# Visual Studio Version 17
VisualStudioVersion = 17.14.36705.20 d17.14
MinimumVisualStudioVersion = 10.0.40219.1
Project("{FAE04EC0-301F-11D3-BF4B-00C04F79EFBC}") = "КТ 2 Фабричный метод", "КТ 2 Фабричный метод\КТ 2 Фабричный метод.csproj", "{490B310C-76CD-4754-87BA-DA0F62FF344E}"
EndProject
Global
	GlobalSection(SolutionConfigurationPlatforms) = preSolution
		Debug|Any CPU = Debug|Any CPU
		Release|Any CPU = Release|Any CPU
	EndGlobalSection
	GlobalSection(ProjectConfigurationPlatforms) = postSolution
		{490B310C-76CD-4754-87BA-DA0F62FF344E}.Debug|Any CPU.ActiveCfg = Debug|Any CPU
		{490B310C-76CD-4754-87BA-DA0F62FF344E}.Debug|Any CPU.Build.0 = Debug|Any CPU
		{490B310C-76CD-4754-87BA-DA0F62FF344E}.Release|Any CPU.ActiveCfg = Release|Any CPU
		{490B310C-76CD-4754-87BA-DA0F62FF344E}.Release|Any CPU.Build.0 = Release|Any CPU
	EndGlobalSection
	GlobalSection(SolutionProperties) = preSolution
		HideSolutionNode = FALSE
	EndGlobalSection
	GlobalSection(ExtensibilityGlobals) = postSolution
		SolutionGuid = {B6E4C907-4674-43DC-8CAF-43F5ADA9BAE3}
	EndGlobalSection
EndGlobal
